
Microsoft Visual Studio Solution File, Format Version 12.00
# Visual Studio Version 17
VisualStudioVersion = 17.9.34714.143
MinimumVisualStudioVersion = 10.0.40219.1
Project("{9A19103F-16F7-4668-BE54-9A1E7A4F7556}") = "ClankyWeb", "ClankyWeb\ClankyWeb.csproj", "{94C3CAE2-E052-499A-B9AE-90D34A561FCE}"
EndProject
Global
	GlobalSection(SolutionConfigurationPlatforms) = preSolution
		Debug|Any CPU = Debug|Any CPU
		Release|Any CPU = Release|Any CPU
	EndGlobalSection
	GlobalSection(ProjectConfigurationPlatforms) = postSolution
		{94C3CAE2-E052-499A-B9AE-90D34A561FCE}.Debug|Any CPU.ActiveCfg = Debug|Any CPU
		{94C3CAE2-E052-499A-B9AE-90D34A561FCE}.Debug|Any CPU.Build.0 = Debug|Any CPU
		{94C3CAE2-E052-499A-B9AE-90D34A561FCE}.Release|Any CPU.ActiveCfg = Release|Any CPU
		{94C3CAE2-E052-499A-B9AE-90D34A561FCE}.Release|Any CPU.Build.0 = Release|Any CPU
	EndGlobalSection
	GlobalSection(SolutionProperties) = preSolution
		HideSolutionNode = FALSE
	EndGlobalSection
	GlobalSection(ExtensibilityGlobals) = postSolution
		SolutionGuid = {9A1D5829-F9C7-4B71-8185-E348CD0F6518}
	EndGlobalSection
EndGlobal
